
Microsoft Visual Studio Solution File, Format Version 12.00
# Visual Studio 15
VisualStudioVersion = 15.0.26730.15
MinimumVisualStudioVersion = 10.0.40219.1
Project("{FAE04EC0-301F-11D3-BF4B-00C04F79EFBC}") = "ButcherCounters", "ButcherCounters\ButcherCounters.csproj", "{BAFA0B32-8DA5-462F-B76E-8ED8678F91DF}"
EndProject
Global
	GlobalSection(SolutionConfigurationPlatforms) = preSolution
		Debug|Any CPU = Debug|Any CPU
		Release|Any CPU = Release|Any CPU
	EndGlobalSection
	GlobalSection(ProjectConfigurationPlatforms) = postSolution
		{BAFA0B32-8DA5-462F-B76E-8ED8678F91DF}.Debug|Any CPU.ActiveCfg = Debug|Any CPU
		{BAFA0B32-8DA5-462F-B76E-8ED8678F91DF}.Debug|Any CPU.Build.0 = Debug|Any CPU
		{BAFA0B32-8DA5-462F-B76E-8ED8678F91DF}.Release|Any CPU.ActiveCfg = Release|Any CPU
		{BAFA0B32-8DA5-462F-B76E-8ED8678F91DF}.Release|Any CPU.Build.0 = Release|Any CPU
	EndGlobalSection
	GlobalSection(SolutionProperties) = preSolution
		HideSolutionNode = FALSE
	EndGlobalSection
	GlobalSection(ExtensibilityGlobals) = postSolution
		SolutionGuid = {04E149F1-502F-433C-B7A3-CE1FB691AF4C}
	EndGlobalSection
EndGlobal
